// !$*UTF8*$!
{
	archiveVersion = 1;
	classes = {
	};
	objectVersion = 56;
	objects = {

/* Begin PBXBuildFile section */
		13018BD32C90B8DB007AC979 /* EmojiCollectionCell.swift in Sources */ = {isa = PBXBuildFile; fileRef = 13018BD22C90B8DB007AC979 /* EmojiCollectionCell.swift */; };
		13018BD52C90B8FF007AC979 /* ColorCollectionCell.swift in Sources */ = {isa = PBXBuildFile; fileRef = 13018BD42C90B8FF007AC979 /* ColorCollectionCell.swift */; };
		13018BD72C90B958007AC979 /* DateWithoutTime.swift in Sources */ = {isa = PBXBuildFile; fileRef = 13018BD62C90B958007AC979 /* DateWithoutTime.swift */; };
		13018BDA2C90BAB4007AC979 /* TrackerStore.swift in Sources */ = {isa = PBXBuildFile; fileRef = 13018BD92C90BAB4007AC979 /* TrackerStore.swift */; };
		13018BDC2C90BAD8007AC979 /* TrackerCategoryStore.swift in Sources */ = {isa = PBXBuildFile; fileRef = 13018BDB2C90BAD8007AC979 /* TrackerCategoryStore.swift */; };
		13018BDE2C90BAFB007AC979 /* TrackerRecordStore.swift in Sources */ = {isa = PBXBuildFile; fileRef = 13018BDD2C90BAFB007AC979 /* TrackerRecordStore.swift */; };
		13018BED2C923716007AC979 /* Model.xcdatamodeld in Sources */ = {isa = PBXBuildFile; fileRef = 13018BEB2C923716007AC979 /* Model.xcdatamodeld */; };
		13018BF02C98923B007AC979 /* PageViewController.swift in Sources */ = {isa = PBXBuildFile; fileRef = 13018BEF2C98923B007AC979 /* PageViewController.swift */; };
		13018BF22C98925C007AC979 /* OnboardingFirstViewController.swift in Sources */ = {isa = PBXBuildFile; fileRef = 13018BF12C98925B007AC979 /* OnboardingFirstViewController.swift */; };
		13018BF42C989282007AC979 /* OnboardingSecondViewController.swift in Sources */ = {isa = PBXBuildFile; fileRef = 13018BF32C989282007AC979 /* OnboardingSecondViewController.swift */; };
		1303B4622C6BA93300F1EFD0 /* TrackerCategory.swift in Sources */ = {isa = PBXBuildFile; fileRef = 1303B4612C6BA93300F1EFD0 /* TrackerCategory.swift */; };
		1303B4652C6BB5F600F1EFD0 /* TrackerRecord.swift in Sources */ = {isa = PBXBuildFile; fileRef = 1303B4642C6BB5F600F1EFD0 /* TrackerRecord.swift */; };
		1303B4672C6BB60A00F1EFD0 /* Tracker.swift in Sources */ = {isa = PBXBuildFile; fileRef = 1303B4662C6BB60A00F1EFD0 /* Tracker.swift */; };
		1303B46B2C6BB86300F1EFD0 /* TrackerViewController.swift in Sources */ = {isa = PBXBuildFile; fileRef = 1303B46A2C6BB86300F1EFD0 /* TrackerViewController.swift */; };
		1303B46D2C6E5CD100F1EFD0 /* Weekdays.swift in Sources */ = {isa = PBXBuildFile; fileRef = 1303B46C2C6E5CD100F1EFD0 /* Weekdays.swift */; };
		1303B4722C6E5D7F00F1EFD0 /* TabBarController.swift in Sources */ = {isa = PBXBuildFile; fileRef = 1303B4712C6E5D7F00F1EFD0 /* TabBarController.swift */; };
		1303B4742C6E605B00F1EFD0 /* StatisticsViewController.swift in Sources */ = {isa = PBXBuildFile; fileRef = 1303B4732C6E605B00F1EFD0 /* StatisticsViewController.swift */; };
		1303B4762C6E614B00F1EFD0 /* TrackerCell.swift in Sources */ = {isa = PBXBuildFile; fileRef = 1303B4752C6E614B00F1EFD0 /* TrackerCell.swift */; };
		1303B4782C6E618500F1EFD0 /* HeaderSectionView.swift in Sources */ = {isa = PBXBuildFile; fileRef = 1303B4772C6E618500F1EFD0 /* HeaderSectionView.swift */; };
		1303B47A2C6E61F100F1EFD0 /* CreateTrackerViewController.swift in Sources */ = {isa = PBXBuildFile; fileRef = 1303B4792C6E61F100F1EFD0 /* CreateTrackerViewController.swift */; };
		1303B47D2C6E67C500F1EFD0 /* IntForDays.swift in Sources */ = {isa = PBXBuildFile; fileRef = 1303B47C2C6E67C500F1EFD0 /* IntForDays.swift */; };
		1303B47F2C6E67DE00F1EFD0 /* Colors.swift in Sources */ = {isa = PBXBuildFile; fileRef = 1303B47E2C6E67DE00F1EFD0 /* Colors.swift */; };
		1303B4822C6E6C8100F1EFD0 /* NewHabitViewController.swift in Sources */ = {isa = PBXBuildFile; fileRef = 1303B4812C6E6C8100F1EFD0 /* NewHabitViewController.swift */; };
		1303B4842C6E6C8E00F1EFD0 /* TrackerPropertiesCell.swift in Sources */ = {isa = PBXBuildFile; fileRef = 1303B4832C6E6C8E00F1EFD0 /* TrackerPropertiesCell.swift */; };
		1303B4862C6E6C9C00F1EFD0 /* ScheduleViewController.swift in Sources */ = {isa = PBXBuildFile; fileRef = 1303B4852C6E6C9C00F1EFD0 /* ScheduleViewController.swift */; };
		130DAC6B2C62550E00F73E7E /* AppDelegate.swift in Sources */ = {isa = PBXBuildFile; fileRef = 130DAC6A2C62550E00F73E7E /* AppDelegate.swift */; };
		130DAC6D2C62550E00F73E7E /* SceneDelegate.swift in Sources */ = {isa = PBXBuildFile; fileRef = 130DAC6C2C62550E00F73E7E /* SceneDelegate.swift */; };
		130DAC6F2C62550E00F73E7E /* ViewController.swift in Sources */ = {isa = PBXBuildFile; fileRef = 130DAC6E2C62550E00F73E7E /* ViewController.swift */; };
		130DAC742C62550F00F73E7E /* Assets.xcassets in Resources */ = {isa = PBXBuildFile; fileRef = 130DAC732C62550F00F73E7E /* Assets.xcassets */; };
		130DAC772C62550F00F73E7E /* Base in Resources */ = {isa = PBXBuildFile; fileRef = 130DAC762C62550F00F73E7E /* Base */; };
		13E928B32C89E6A90060EFF5 /* DaysValueTransformer.swift in Sources */ = {isa = PBXBuildFile; fileRef = 13E928B22C89E6A90060EFF5 /* DaysValueTransformer.swift */; };
/* End PBXBuildFile section */

/* Begin PBXFileReference section */
		13018BD22C90B8DB007AC979 /* EmojiCollectionCell.swift */ = {isa = PBXFileReference; lastKnownFileType = sourcecode.swift; path = EmojiCollectionCell.swift; sourceTree = "<group>"; };
		13018BD42C90B8FF007AC979 /* ColorCollectionCell.swift */ = {isa = PBXFileReference; lastKnownFileType = sourcecode.swift; path = ColorCollectionCell.swift; sourceTree = "<group>"; };
		13018BD62C90B958007AC979 /* DateWithoutTime.swift */ = {isa = PBXFileReference; lastKnownFileType = sourcecode.swift; path = DateWithoutTime.swift; sourceTree = "<group>"; };
		13018BD92C90BAB4007AC979 /* TrackerStore.swift */ = {isa = PBXFileReference; lastKnownFileType = sourcecode.swift; path = TrackerStore.swift; sourceTree = "<group>"; };
		13018BDB2C90BAD8007AC979 /* TrackerCategoryStore.swift */ = {isa = PBXFileReference; lastKnownFileType = sourcecode.swift; path = TrackerCategoryStore.swift; sourceTree = "<group>"; };
		13018BDD2C90BAFB007AC979 /* TrackerRecordStore.swift */ = {isa = PBXFileReference; lastKnownFileType = sourcecode.swift; path = TrackerRecordStore.swift; sourceTree = "<group>"; };
		13018BEC2C923716007AC979 /* Model.xcdatamodel */ = {isa = PBXFileReference; lastKnownFileType = wrapper.xcdatamodel; path = Model.xcdatamodel; sourceTree = "<group>"; };
		13018BEF2C98923B007AC979 /* PageViewController.swift */ = {isa = PBXFileReference; lastKnownFileType = sourcecode.swift; path = PageViewController.swift; sourceTree = "<group>"; };
		13018BF12C98925B007AC979 /* OnboardingFirstViewController.swift */ = {isa = PBXFileReference; lastKnownFileType = sourcecode.swift; path = OnboardingFirstViewController.swift; sourceTree = "<group>"; };
		13018BF32C989282007AC979 /* OnboardingSecondViewController.swift */ = {isa = PBXFileReference; lastKnownFileType = sourcecode.swift; path = OnboardingSecondViewController.swift; sourceTree = "<group>"; };
		1303B4612C6BA93300F1EFD0 /* TrackerCategory.swift */ = {isa = PBXFileReference; lastKnownFileType = sourcecode.swift; path = TrackerCategory.swift; sourceTree = "<group>"; };
		1303B4642C6BB5F600F1EFD0 /* TrackerRecord.swift */ = {isa = PBXFileReference; lastKnownFileType = sourcecode.swift; path = TrackerRecord.swift; sourceTree = "<group>"; };
		1303B4662C6BB60A00F1EFD0 /* Tracker.swift */ = {isa = PBXFileReference; lastKnownFileType = sourcecode.swift; path = Tracker.swift; sourceTree = "<group>"; };
		1303B46A2C6BB86300F1EFD0 /* TrackerViewController.swift */ = {isa = PBXFileReference; lastKnownFileType = sourcecode.swift; path = TrackerViewController.swift; sourceTree = "<group>"; };
		1303B46C2C6E5CD100F1EFD0 /* Weekdays.swift */ = {isa = PBXFileReference; lastKnownFileType = sourcecode.swift; path = Weekdays.swift; sourceTree = "<group>"; };
		1303B4712C6E5D7F00F1EFD0 /* TabBarController.swift */ = {isa = PBXFileReference; lastKnownFileType = sourcecode.swift; path = TabBarController.swift; sourceTree = "<group>"; };
		1303B4732C6E605B00F1EFD0 /* StatisticsViewController.swift */ = {isa = PBXFileReference; lastKnownFileType = sourcecode.swift; path = StatisticsViewController.swift; sourceTree = "<group>"; };
		1303B4752C6E614B00F1EFD0 /* TrackerCell.swift */ = {isa = PBXFileReference; lastKnownFileType = sourcecode.swift; path = TrackerCell.swift; sourceTree = "<group>"; };
		1303B4772C6E618500F1EFD0 /* HeaderSectionView.swift */ = {isa = PBXFileReference; lastKnownFileType = sourcecode.swift; path = HeaderSectionView.swift; sourceTree = "<group>"; };
		1303B4792C6E61F100F1EFD0 /* CreateTrackerViewController.swift */ = {isa = PBXFileReference; lastKnownFileType = sourcecode.swift; path = CreateTrackerViewController.swift; sourceTree = "<group>"; };
		1303B47C2C6E67C500F1EFD0 /* IntForDays.swift */ = {isa = PBXFileReference; lastKnownFileType = sourcecode.swift; path = IntForDays.swift; sourceTree = "<group>"; };
		1303B47E2C6E67DE00F1EFD0 /* Colors.swift */ = {isa = PBXFileReference; lastKnownFileType = sourcecode.swift; path = Colors.swift; sourceTree = "<group>"; };
		1303B4812C6E6C8100F1EFD0 /* NewHabitViewController.swift */ = {isa = PBXFileReference; lastKnownFileType = sourcecode.swift; path = NewHabitViewController.swift; sourceTree = "<group>"; };
		1303B4832C6E6C8E00F1EFD0 /* TrackerPropertiesCell.swift */ = {isa = PBXFileReference; lastKnownFileType = sourcecode.swift; path = TrackerPropertiesCell.swift; sourceTree = "<group>"; };
		1303B4852C6E6C9C00F1EFD0 /* ScheduleViewController.swift */ = {isa = PBXFileReference; lastKnownFileType = sourcecode.swift; path = ScheduleViewController.swift; sourceTree = "<group>"; };
		130DAC672C62550E00F73E7E /* Tracker.app */ = {isa = PBXFileReference; explicitFileType = wrapper.application; includeInIndex = 0; path = Tracker.app; sourceTree = BUILT_PRODUCTS_DIR; };
		130DAC6A2C62550E00F73E7E /* AppDelegate.swift */ = {isa = PBXFileReference; lastKnownFileType = sourcecode.swift; path = AppDelegate.swift; sourceTree = "<group>"; };
		130DAC6C2C62550E00F73E7E /* SceneDelegate.swift */ = {isa = PBXFileReference; lastKnownFileType = sourcecode.swift; path = SceneDelegate.swift; sourceTree = "<group>"; };
		130DAC6E2C62550E00F73E7E /* ViewController.swift */ = {isa = PBXFileReference; lastKnownFileType = sourcecode.swift; path = ViewController.swift; sourceTree = "<group>"; };
		130DAC732C62550F00F73E7E /* Assets.xcassets */ = {isa = PBXFileReference; lastKnownFileType = folder.assetcatalog; path = Assets.xcassets; sourceTree = "<group>"; };
		130DAC762C62550F00F73E7E /* Base */ = {isa = PBXFileReference; lastKnownFileType = file.storyboard; name = Base; path = Base.lproj/LaunchScreen.storyboard; sourceTree = "<group>"; };
		130DAC782C62550F00F73E7E /* Info.plist */ = {isa = PBXFileReference; lastKnownFileType = text.plist.xml; path = Info.plist; sourceTree = "<group>"; };
		13E928B22C89E6A90060EFF5 /* DaysValueTransformer.swift */ = {isa = PBXFileReference; lastKnownFileType = sourcecode.swift; path = DaysValueTransformer.swift; sourceTree = "<group>"; };
/* End PBXFileReference section */

/* Begin PBXFrameworksBuildPhase section */
		130DAC642C62550E00F73E7E /* Frameworks */ = {
			isa = PBXFrameworksBuildPhase;
			buildActionMask = 2147483647;
			files = (
			);
			runOnlyForDeploymentPostprocessing = 0;
		};
/* End PBXFrameworksBuildPhase section */

/* Begin PBXGroup section */
		13018BD82C90BA7D007AC979 /* Store */ = {
			isa = PBXGroup;
			children = (
				13018BD92C90BAB4007AC979 /* TrackerStore.swift */,
				13018BDB2C90BAD8007AC979 /* TrackerCategoryStore.swift */,
				13018BDD2C90BAFB007AC979 /* TrackerRecordStore.swift */,
			);
			path = Store;
			sourceTree = "<group>";
		};
		13018BEE2C9891FE007AC979 /* Onboarding */ = {
			isa = PBXGroup;
			children = (
				13018BEF2C98923B007AC979 /* PageViewController.swift */,
				13018BF12C98925B007AC979 /* OnboardingFirstViewController.swift */,
				13018BF32C989282007AC979 /* OnboardingSecondViewController.swift */,
			);
			path = Onboarding;
			sourceTree = "<group>";
		};
		1303B4632C6BB5B500F1EFD0 /* Models */ = {
			isa = PBXGroup;
			children = (
				1303B4662C6BB60A00F1EFD0 /* Tracker.swift */,
				1303B4612C6BA93300F1EFD0 /* TrackerCategory.swift */,
				1303B4642C6BB5F600F1EFD0 /* TrackerRecord.swift */,
				1303B46C2C6E5CD100F1EFD0 /* Weekdays.swift */,
			);
			path = Models;
			sourceTree = "<group>";
		};
		1303B4682C6BB80C00F1EFD0 /* ViewControllers */ = {
			isa = PBXGroup;
			children = (
				1303B4732C6E605B00F1EFD0 /* StatisticsViewController.swift */,
				1303B4692C6BB82C00F1EFD0 /* TrackersViewController */,
				1303B4802C6E6C6500F1EFD0 /* NewHabitViewController */,
			);
			path = ViewControllers;
			sourceTree = "<group>";
		};
		1303B4692C6BB82C00F1EFD0 /* TrackersViewController */ = {
			isa = PBXGroup;
			children = (
				1303B46A2C6BB86300F1EFD0 /* TrackerViewController.swift */,
				1303B4752C6E614B00F1EFD0 /* TrackerCell.swift */,
				1303B4772C6E618500F1EFD0 /* HeaderSectionView.swift */,
				1303B4792C6E61F100F1EFD0 /* CreateTrackerViewController.swift */,
			);
			path = TrackersViewController;
			sourceTree = "<group>";
		};
		1303B4702C6E5D4100F1EFD0 /* TabBarController */ = {
			isa = PBXGroup;
			children = (
				1303B4712C6E5D7F00F1EFD0 /* TabBarController.swift */,
			);
			path = TabBarController;
			sourceTree = "<group>";
		};
		1303B47B2C6E668800F1EFD0 /* Extension */ = {
			isa = PBXGroup;
			children = (
				1303B47C2C6E67C500F1EFD0 /* IntForDays.swift */,
				1303B47E2C6E67DE00F1EFD0 /* Colors.swift */,
				130DAC6E2C62550E00F73E7E /* ViewController.swift */,
				13018BD62C90B958007AC979 /* DateWithoutTime.swift */,
			);
			path = Extension;
			sourceTree = "<group>";
		};
		1303B4802C6E6C6500F1EFD0 /* NewHabitViewController */ = {
			isa = PBXGroup;
			children = (
				1303B4812C6E6C8100F1EFD0 /* NewHabitViewController.swift */,
				1303B4832C6E6C8E00F1EFD0 /* TrackerPropertiesCell.swift */,
				1303B4852C6E6C9C00F1EFD0 /* ScheduleViewController.swift */,
				13018BD22C90B8DB007AC979 /* EmojiCollectionCell.swift */,
				13018BD42C90B8FF007AC979 /* ColorCollectionCell.swift */,
			);
			path = NewHabitViewController;
			sourceTree = "<group>";
		};
		130DAC5E2C62550E00F73E7E = {
			isa = PBXGroup;
			children = (
				130DAC692C62550E00F73E7E /* Tracker */,
				130DAC682C62550E00F73E7E /* Products */,
			);
			sourceTree = "<group>";
		};
		130DAC682C62550E00F73E7E /* Products */ = {
			isa = PBXGroup;
			children = (
				130DAC672C62550E00F73E7E /* Tracker.app */,
			);
			name = Products;
			sourceTree = "<group>";
		};
		130DAC692C62550E00F73E7E /* Tracker */ = {
			isa = PBXGroup;
			children = (
				130DAC6A2C62550E00F73E7E /* AppDelegate.swift */,
				130DAC6C2C62550E00F73E7E /* SceneDelegate.swift */,
				13018BEE2C9891FE007AC979 /* Onboarding */,
				13E928AE2C89DEFE0060EFF5 /* CoreData */,
				1303B4632C6BB5B500F1EFD0 /* Models */,
				13018BD82C90BA7D007AC979 /* Store */,
				1303B4702C6E5D4100F1EFD0 /* TabBarController */,
				1303B4682C6BB80C00F1EFD0 /* ViewControllers */,
				1303B47B2C6E668800F1EFD0 /* Extension */,
				130DAC732C62550F00F73E7E /* Assets.xcassets */,
				130DAC752C62550F00F73E7E /* LaunchScreen.storyboard */,
				130DAC782C62550F00F73E7E /* Info.plist */,
			);
			path = Tracker;
			sourceTree = "<group>";
		};
		13E928AE2C89DEFE0060EFF5 /* CoreData */ = {
			isa = PBXGroup;
			children = (
				13018BEB2C923716007AC979 /* Model.xcdatamodeld */,
				13E928B22C89E6A90060EFF5 /* DaysValueTransformer.swift */,
			);
			path = CoreData;
			sourceTree = "<group>";
		};
/* End PBXGroup section */

/* Begin PBXNativeTarget section */
		130DAC662C62550E00F73E7E /* Tracker */ = {
			isa = PBXNativeTarget;
			buildConfigurationList = 130DAC7B2C62550F00F73E7E /* Build configuration list for PBXNativeTarget "Tracker" */;
			buildPhases = (
				130DAC632C62550E00F73E7E /* Sources */,
				130DAC642C62550E00F73E7E /* Frameworks */,
				130DAC652C62550E00F73E7E /* Resources */,
			);
			buildRules = (
			);
			dependencies = (
			);
			name = Tracker;
			productName = Tracker;
			productReference = 130DAC672C62550E00F73E7E /* Tracker.app */;
			productType = "com.apple.product-type.application";
		};
/* End PBXNativeTarget section */

/* Begin PBXProject section */
		130DAC5F2C62550E00F73E7E /* Project object */ = {
			isa = PBXProject;
			attributes = {
				BuildIndependentTargetsInParallel = 1;
				LastSwiftUpdateCheck = 1530;
				LastUpgradeCheck = 1530;
				TargetAttributes = {
					130DAC662C62550E00F73E7E = {
						CreatedOnToolsVersion = 15.3;
					};
				};
			};
			buildConfigurationList = 130DAC622C62550E00F73E7E /* Build configuration list for PBXProject "Tracker" */;
			compatibilityVersion = "Xcode 14.0";
			developmentRegion = en;
			hasScannedForEncodings = 0;
			knownRegions = (
				en,
				Base,
			);
			mainGroup = 130DAC5E2C62550E00F73E7E;
			productRefGroup = 130DAC682C62550E00F73E7E /* Products */;
			projectDirPath = "";
			projectRoot = "";
			targets = (
				130DAC662C62550E00F73E7E /* Tracker */,
			);
		};
/* End PBXProject section */

/* Begin PBXResourcesBuildPhase section */
		130DAC652C62550E00F73E7E /* Resources */ = {
			isa = PBXResourcesBuildPhase;
			buildActionMask = 2147483647;
			files = (
				130DAC742C62550F00F73E7E /* Assets.xcassets in Resources */,
				130DAC772C62550F00F73E7E /* Base in Resources */,
			);
			runOnlyForDeploymentPostprocessing = 0;
		};
/* End PBXResourcesBuildPhase section */

/* Begin PBXSourcesBuildPhase section */
		130DAC632C62550E00F73E7E /* Sources */ = {
			isa = PBXSourcesBuildPhase;
			buildActionMask = 2147483647;
			files = (
				1303B4672C6BB60A00F1EFD0 /* Tracker.swift in Sources */,
				1303B4652C6BB5F600F1EFD0 /* TrackerRecord.swift in Sources */,
				1303B4822C6E6C8100F1EFD0 /* NewHabitViewController.swift in Sources */,
				1303B4842C6E6C8E00F1EFD0 /* TrackerPropertiesCell.swift in Sources */,
				1303B4622C6BA93300F1EFD0 /* TrackerCategory.swift in Sources */,
				13018BED2C923716007AC979 /* Model.xcdatamodeld in Sources */,
				1303B4722C6E5D7F00F1EFD0 /* TabBarController.swift in Sources */,
				13018BD52C90B8FF007AC979 /* ColorCollectionCell.swift in Sources */,
				1303B4762C6E614B00F1EFD0 /* TrackerCell.swift in Sources */,
				13018BDC2C90BAD8007AC979 /* TrackerCategoryStore.swift in Sources */,
				13018BD72C90B958007AC979 /* DateWithoutTime.swift in Sources */,
				130DAC6F2C62550E00F73E7E /* ViewController.swift in Sources */,
				13E928B32C89E6A90060EFF5 /* DaysValueTransformer.swift in Sources */,
				1303B4742C6E605B00F1EFD0 /* StatisticsViewController.swift in Sources */,
				130DAC6B2C62550E00F73E7E /* AppDelegate.swift in Sources */,
				13018BF02C98923B007AC979 /* PageViewController.swift in Sources */,
				13018BDA2C90BAB4007AC979 /* TrackerStore.swift in Sources */,
				1303B46B2C6BB86300F1EFD0 /* TrackerViewController.swift in Sources */,
				1303B4862C6E6C9C00F1EFD0 /* ScheduleViewController.swift in Sources */,
				1303B47F2C6E67DE00F1EFD0 /* Colors.swift in Sources */,
				1303B46D2C6E5CD100F1EFD0 /* Weekdays.swift in Sources */,
				1303B47A2C6E61F100F1EFD0 /* CreateTrackerViewController.swift in Sources */,
				13018BDE2C90BAFB007AC979 /* TrackerRecordStore.swift in Sources */,
				13018BF22C98925C007AC979 /* OnboardingFirstViewController.swift in Sources */,
				13018BF42C989282007AC979 /* OnboardingSecondViewController.swift in Sources */,
				13018BD32C90B8DB007AC979 /* EmojiCollectionCell.swift in Sources */,
				1303B47D2C6E67C500F1EFD0 /* IntForDays.swift in Sources */,
				130DAC6D2C62550E00F73E7E /* SceneDelegate.swift in Sources */,
				1303B4782C6E618500F1EFD0 /* HeaderSectionView.swift in Sources */,
			);
			runOnlyForDeploymentPostprocessing = 0;
		};
/* End PBXSourcesBuildPhase section */

/* Begin PBXVariantGroup section */
		130DAC752C62550F00F73E7E /* LaunchScreen.storyboard */ = {
			isa = PBXVariantGroup;
			children = (
				130DAC762C62550F00F73E7E /* Base */,
			);
			name = LaunchScreen.storyboard;
			sourceTree = "<group>";
		};
/* End PBXVariantGroup section */

/* Begin XCBuildConfiguration section */
		130DAC792C62550F00F73E7E /* Debug */ = {
			isa = XCBuildConfiguration;
			buildSettings = {
				ALWAYS_SEARCH_USER_PATHS = NO;
				ASSETCATALOG_COMPILER_GENERATE_SWIFT_ASSET_SYMBOL_EXTENSIONS = YES;
				CLANG_ANALYZER_NONNULL = YES;
				CLANG_ANALYZER_NUMBER_OBJECT_CONVERSION = YES_AGGRESSIVE;
				CLANG_CXX_LANGUAGE_STANDARD = "gnu++20";
				CLANG_ENABLE_MODULES = YES;
				CLANG_ENABLE_OBJC_ARC = YES;
				CLANG_ENABLE_OBJC_WEAK = YES;
				CLANG_WARN_BLOCK_CAPTURE_AUTORELEASING = YES;
				CLANG_WARN_BOOL_CONVERSION = YES;
				CLANG_WARN_COMMA = YES;
				CLANG_WARN_CONSTANT_CONVERSION = YES;
				CLANG_WARN_DEPRECATED_OBJC_IMPLEMENTATIONS = YES;
				CLANG_WARN_DIRECT_OBJC_ISA_USAGE = YES_ERROR;
				CLANG_WARN_DOCUMENTATION_COMMENTS = YES;
				CLANG_WARN_EMPTY_BODY = YES;
				CLANG_WARN_ENUM_CONVERSION = YES;
				CLANG_WARN_INFINITE_RECURSION = YES;
				CLANG_WARN_INT_CONVERSION = YES;
				CLANG_WARN_NON_LITERAL_NULL_CONVERSION = YES;
				CLANG_WARN_OBJC_IMPLICIT_RETAIN_SELF = YES;
				CLANG_WARN_OBJC_LITERAL_CONVERSION = YES;
				CLANG_WARN_OBJC_ROOT_CLASS = YES_ERROR;
				CLANG_WARN_QUOTED_INCLUDE_IN_FRAMEWORK_HEADER = YES;
				CLANG_WARN_RANGE_LOOP_ANALYSIS = YES;
				CLANG_WARN_STRICT_PROTOTYPES = YES;
				CLANG_WARN_SUSPICIOUS_MOVE = YES;
				CLANG_WARN_UNGUARDED_AVAILABILITY = YES_AGGRESSIVE;
				CLANG_WARN_UNREACHABLE_CODE = YES;
				CLANG_WARN__DUPLICATE_METHOD_MATCH = YES;
				COPY_PHASE_STRIP = NO;
				DEBUG_INFORMATION_FORMAT = dwarf;
				ENABLE_STRICT_OBJC_MSGSEND = YES;
				ENABLE_TESTABILITY = YES;
				ENABLE_USER_SCRIPT_SANDBOXING = YES;
				GCC_C_LANGUAGE_STANDARD = gnu17;
				GCC_DYNAMIC_NO_PIC = NO;
				GCC_NO_COMMON_BLOCKS = YES;
				GCC_OPTIMIZATION_LEVEL = 0;
				GCC_PREPROCESSOR_DEFINITIONS = (
					"DEBUG=1",
					"$(inherited)",
				);
				GCC_WARN_64_TO_32_BIT_CONVERSION = YES;
				GCC_WARN_ABOUT_RETURN_TYPE = YES_ERROR;
				GCC_WARN_UNDECLARED_SELECTOR = YES;
				GCC_WARN_UNINITIALIZED_AUTOS = YES_AGGRESSIVE;
				GCC_WARN_UNUSED_FUNCTION = YES;
				GCC_WARN_UNUSED_VARIABLE = YES;
				IPHONEOS_DEPLOYMENT_TARGET = 13.4;
				LOCALIZATION_PREFERS_STRING_CATALOGS = YES;
				MTL_ENABLE_DEBUG_INFO = INCLUDE_SOURCE;
				MTL_FAST_MATH = YES;
				ONLY_ACTIVE_ARCH = YES;
				SDKROOT = iphoneos;
				SWIFT_ACTIVE_COMPILATION_CONDITIONS = "DEBUG $(inherited)";
				SWIFT_OPTIMIZATION_LEVEL = "-Onone";
			};
			name = Debug;
		};
		130DAC7A2C62550F00F73E7E /* Release */ = {
			isa = XCBuildConfiguration;
			buildSettings = {
				ALWAYS_SEARCH_USER_PATHS = NO;
				ASSETCATALOG_COMPILER_GENERATE_SWIFT_ASSET_SYMBOL_EXTENSIONS = YES;
				CLANG_ANALYZER_NONNULL = YES;
				CLANG_ANALYZER_NUMBER_OBJECT_CONVERSION = YES_AGGRESSIVE;
				CLANG_CXX_LANGUAGE_STANDARD = "gnu++20";
				CLANG_ENABLE_MODULES = YES;
				CLANG_ENABLE_OBJC_ARC = YES;
				CLANG_ENABLE_OBJC_WEAK = YES;
				CLANG_WARN_BLOCK_CAPTURE_AUTORELEASING = YES;
				CLANG_WARN_BOOL_CONVERSION = YES;
				CLANG_WARN_COMMA = YES;
				CLANG_WARN_CONSTANT_CONVERSION = YES;
				CLANG_WARN_DEPRECATED_OBJC_IMPLEMENTATIONS = YES;
				CLANG_WARN_DIRECT_OBJC_ISA_USAGE = YES_ERROR;
				CLANG_WARN_DOCUMENTATION_COMMENTS = YES;
				CLANG_WARN_EMPTY_BODY = YES;
				CLANG_WARN_ENUM_CONVERSION = YES;
				CLANG_WARN_INFINITE_RECURSION = YES;
				CLANG_WARN_INT_CONVERSION = YES;
				CLANG_WARN_NON_LITERAL_NULL_CONVERSION = YES;
				CLANG_WARN_OBJC_IMPLICIT_RETAIN_SELF = YES;
				CLANG_WARN_OBJC_LITERAL_CONVERSION = YES;
				CLANG_WARN_OBJC_ROOT_CLASS = YES_ERROR;
				CLANG_WARN_QUOTED_INCLUDE_IN_FRAMEWORK_HEADER = YES;
				CLANG_WARN_RANGE_LOOP_ANALYSIS = YES;
				CLANG_WARN_STRICT_PROTOTYPES = YES;
				CLANG_WARN_SUSPICIOUS_MOVE = YES;
				CLANG_WARN_UNGUARDED_AVAILABILITY = YES_AGGRESSIVE;
				CLANG_WARN_UNREACHABLE_CODE = YES;
				CLANG_WARN__DUPLICATE_METHOD_MATCH = YES;
				COPY_PHASE_STRIP = NO;
				DEBUG_INFORMATION_FORMAT = "dwarf-with-dsym";
				ENABLE_NS_ASSERTIONS = NO;
				ENABLE_STRICT_OBJC_MSGSEND = YES;
				ENABLE_USER_SCRIPT_SANDBOXING = YES;
				GCC_C_LANGUAGE_STANDARD = gnu17;
				GCC_NO_COMMON_BLOCKS = YES;
				GCC_WARN_64_TO_32_BIT_CONVERSION = YES;
				GCC_WARN_ABOUT_RETURN_TYPE = YES_ERROR;
				GCC_WARN_UNDECLARED_SELECTOR = YES;
				GCC_WARN_UNINITIALIZED_AUTOS = YES_AGGRESSIVE;
				GCC_WARN_UNUSED_FUNCTION = YES;
				GCC_WARN_UNUSED_VARIABLE = YES;
				IPHONEOS_DEPLOYMENT_TARGET = 13.4;
				LOCALIZATION_PREFERS_STRING_CATALOGS = YES;
				MTL_ENABLE_DEBUG_INFO = NO;
				MTL_FAST_MATH = YES;
				SDKROOT = iphoneos;
				SWIFT_COMPILATION_MODE = wholemodule;
				VALIDATE_PRODUCT = YES;
			};
			name = Release;
		};
		130DAC7C2C62550F00F73E7E /* Debug */ = {
			isa = XCBuildConfiguration;
			buildSettings = {
				ASSETCATALOG_COMPILER_APPICON_NAME = AppIcon;
				ASSETCATALOG_COMPILER_GLOBAL_ACCENT_COLOR_NAME = AccentColor;
				CODE_SIGN_STYLE = Automatic;
				CURRENT_PROJECT_VERSION = 1;
				DEVELOPMENT_TEAM = 83DH7VMMY3;
				GENERATE_INFOPLIST_FILE = YES;
				INFOPLIST_FILE = Tracker/Info.plist;
				INFOPLIST_KEY_UIApplicationSupportsIndirectInputEvents = YES;
				INFOPLIST_KEY_UILaunchStoryboardName = LaunchScreen;
				INFOPLIST_KEY_UISupportedInterfaceOrientations = UIInterfaceOrientationPortrait;
				IPHONEOS_DEPLOYMENT_TARGET = 13.4;
				LD_RUNPATH_SEARCH_PATHS = (
					"$(inherited)",
					"@executable_path/Frameworks",
				);
				MARKETING_VERSION = 1.0;
				PRODUCT_BUNDLE_IDENTIFIER = ru.ilushina.Tracker.Tracker;
				PRODUCT_NAME = "$(TARGET_NAME)";
				SUPPORTED_PLATFORMS = "iphoneos iphonesimulator";
				SUPPORTS_MACCATALYST = NO;
				SUPPORTS_MAC_DESIGNED_FOR_IPHONE_IPAD = NO;
				SUPPORTS_XR_DESIGNED_FOR_IPHONE_IPAD = NO;
				SWIFT_EMIT_LOC_STRINGS = YES;
				SWIFT_VERSION = 5.0;
				TARGETED_DEVICE_FAMILY = 1;
			};
			name = Debug;
		};
		130DAC7D2C62550F00F73E7E /* Release */ = {
			isa = XCBuildConfiguration;
			buildSettings = {
				ASSETCATALOG_COMPILER_APPICON_NAME = AppIcon;
				ASSETCATALOG_COMPILER_GLOBAL_ACCENT_COLOR_NAME = AccentColor;
				CODE_SIGN_STYLE = Automatic;
				CURRENT_PROJECT_VERSION = 1;
				DEVELOPMENT_TEAM = 83DH7VMMY3;
				GENERATE_INFOPLIST_FILE = YES;
				INFOPLIST_FILE = Tracker/Info.plist;
				INFOPLIST_KEY_UIApplicationSupportsIndirectInputEvents = YES;
				INFOPLIST_KEY_UILaunchStoryboardName = LaunchScreen;
				INFOPLIST_KEY_UISupportedInterfaceOrientations = UIInterfaceOrientationPortrait;
				IPHONEOS_DEPLOYMENT_TARGET = 13.4;
				LD_RUNPATH_SEARCH_PATHS = (
					"$(inherited)",
					"@executable_path/Frameworks",
				);
				MARKETING_VERSION = 1.0;
				PRODUCT_BUNDLE_IDENTIFIER = ru.ilushina.Tracker.Tracker;
				PRODUCT_NAME = "$(TARGET_NAME)";
				SUPPORTED_PLATFORMS = "iphoneos iphonesimulator";
				SUPPORTS_MACCATALYST = NO;
				SUPPORTS_MAC_DESIGNED_FOR_IPHONE_IPAD = NO;
				SUPPORTS_XR_DESIGNED_FOR_IPHONE_IPAD = NO;
				SWIFT_EMIT_LOC_STRINGS = YES;
				SWIFT_VERSION = 5.0;
				TARGETED_DEVICE_FAMILY = 1;
			};
			name = Release;
		};
/* End XCBuildConfiguration section */

/* Begin XCConfigurationList section */
		130DAC622C62550E00F73E7E /* Build configuration list for PBXProject "Tracker" */ = {
			isa = XCConfigurationList;
			buildConfigurations = (
				130DAC792C62550F00F73E7E /* Debug */,
				130DAC7A2C62550F00F73E7E /* Release */,
			);
			defaultConfigurationIsVisible = 0;
			defaultConfigurationName = Release;
		};
		130DAC7B2C62550F00F73E7E /* Build configuration list for PBXNativeTarget "Tracker" */ = {
			isa = XCConfigurationList;
			buildConfigurations = (
				130DAC7C2C62550F00F73E7E /* Debug */,
				130DAC7D2C62550F00F73E7E /* Release */,
			);
			defaultConfigurationIsVisible = 0;
			defaultConfigurationName = Release;
		};
/* End XCConfigurationList section */

/* Begin XCVersionGroup section */
		13018BEB2C923716007AC979 /* Model.xcdatamodeld */ = {
			isa = XCVersionGroup;
			children = (
				13018BEC2C923716007AC979 /* Model.xcdatamodel */,
			);
			currentVersion = 13018BEC2C923716007AC979 /* Model.xcdatamodel */;
			name = Model.xcdatamodeld;
			path = ../../Model.xcdatamodeld;
			sourceTree = "<group>";
			versionGroupType = wrapper.xcdatamodel;
		};
/* End XCVersionGroup section */
	};
	rootObject = 130DAC5F2C62550E00F73E7E /* Project object */;
}
